
Microsoft Visual Studio Solution File, Format Version 12.00
# Visual Studio Version 17
VisualStudioVersion = 17.14.37111.16
MinimumVisualStudioVersion = 10.0.40219.1
Project("{FAE04EC0-301F-11D3-BF4B-00C04F79EFBC}") = "PgLib2", "PgLib2\PgLib2.csproj", "{D15AF010-1B34-21F5-006D-D83D19D88AFF}"
EndProject
Project("{FAE04EC0-301F-11D3-BF4B-00C04F79EFBC}") = "PgLib2.Objects", "PgLib2.Objects\PgLib2.Objects.csproj", "{C5944B22-A9E6-24EE-B013-0B6149F9D0A1}"
EndProject
Global
	GlobalSection(SolutionConfigurationPlatforms) = preSolution
		Debug|Any CPU = Debug|Any CPU
		Release|Any CPU = Release|Any CPU
	EndGlobalSection
	GlobalSection(ProjectConfigurationPlatforms) = postSolution
		{D15AF010-1B34-21F5-006D-D83D19D88AFF}.Debug|Any CPU.ActiveCfg = Debug|Any CPU
		{D15AF010-1B34-21F5-006D-D83D19D88AFF}.Debug|Any CPU.Build.0 = Debug|Any CPU
		{D15AF010-1B34-21F5-006D-D83D19D88AFF}.Release|Any CPU.ActiveCfg = Release|Any CPU
		{D15AF010-1B34-21F5-006D-D83D19D88AFF}.Release|Any CPU.Build.0 = Release|Any CPU
		{C5944B22-A9E6-24EE-B013-0B6149F9D0A1}.Debug|Any CPU.ActiveCfg = Debug|Any CPU
		{C5944B22-A9E6-24EE-B013-0B6149F9D0A1}.Debug|Any CPU.Build.0 = Debug|Any CPU
		{C5944B22-A9E6-24EE-B013-0B6149F9D0A1}.Release|Any CPU.ActiveCfg = Release|Any CPU
		{C5944B22-A9E6-24EE-B013-0B6149F9D0A1}.Release|Any CPU.Build.0 = Release|Any CPU
	EndGlobalSection
	GlobalSection(SolutionProperties) = preSolution
		HideSolutionNode = FALSE
	EndGlobalSection
	GlobalSection(ExtensibilityGlobals) = postSolution
		SolutionGuid = {601F101C-B278-46ED-9121-BBFAE2EAB32F}
	EndGlobalSection
EndGlobal
